
Microsoft Visual Studio Solution File, Format Version 12.00
# Visual Studio 15
VisualStudioVersion = 15.0.27004.2006
MinimumVisualStudioVersion = 10.0.40219.1
Project("{FAE04EC0-301F-11D3-BF4B-00C04F79EFBC}") = "SitefinityForums.Data", "SitefinityForums.Data\SitefinityForums.Data.csproj", "{FEE2A0B6-5BD8-4800-9E53-D23884D33576}"
EndProject
Project("{FAE04EC0-301F-11D3-BF4B-00C04F79EFBC}") = "SitefinityForums.UnitTests", "SitefinityForums.UnitTests\SitefinityForums.UnitTests.csproj", "{B9A7C010-829C-4631-8692-8E0B811C9CCD}"
EndProject
Project("{FAE04EC0-301F-11D3-BF4B-00C04F79EFBC}") = "SitefinityForums.TestsIntegration", "SitefinityForums.TestsIntegration\SitefinityForums.TestsIntegration.csproj", "{4983EF81-6F9E-411C-9AEF-C837291DE5B0}"
EndProject
Project("{FAE04EC0-301F-11D3-BF4B-00C04F79EFBC}") = "SitefinityForums.Web", "SitefinityForums.Web\SitefinityForums.Web.csproj", "{AB5D3AEA-A63A-49E2-8698-ECFCBCDC6C36}"
EndProject
Global
	GlobalSection(SolutionConfigurationPlatforms) = preSolution
		Debug|Any CPU = Debug|Any CPU
		Release|Any CPU = Release|Any CPU
	EndGlobalSection
	GlobalSection(ProjectConfigurationPlatforms) = postSolution
		{FEE2A0B6-5BD8-4800-9E53-D23884D33576}.Debug|Any CPU.ActiveCfg = Debug|Any CPU
		{FEE2A0B6-5BD8-4800-9E53-D23884D33576}.Debug|Any CPU.Build.0 = Debug|Any CPU
		{FEE2A0B6-5BD8-4800-9E53-D23884D33576}.Release|Any CPU.ActiveCfg = Release|Any CPU
		{FEE2A0B6-5BD8-4800-9E53-D23884D33576}.Release|Any CPU.Build.0 = Release|Any CPU
		{B9A7C010-829C-4631-8692-8E0B811C9CCD}.Debug|Any CPU.ActiveCfg = Debug|Any CPU
		{B9A7C010-829C-4631-8692-8E0B811C9CCD}.Debug|Any CPU.Build.0 = Debug|Any CPU
		{B9A7C010-829C-4631-8692-8E0B811C9CCD}.Release|Any CPU.ActiveCfg = Release|Any CPU
		{B9A7C010-829C-4631-8692-8E0B811C9CCD}.Release|Any CPU.Build.0 = Release|Any CPU
		{4983EF81-6F9E-411C-9AEF-C837291DE5B0}.Debug|Any CPU.ActiveCfg = Debug|Any CPU
		{4983EF81-6F9E-411C-9AEF-C837291DE5B0}.Debug|Any CPU.Build.0 = Debug|Any CPU
		{4983EF81-6F9E-411C-9AEF-C837291DE5B0}.Release|Any CPU.ActiveCfg = Release|Any CPU
		{4983EF81-6F9E-411C-9AEF-C837291DE5B0}.Release|Any CPU.Build.0 = Release|Any CPU
		{AB5D3AEA-A63A-49E2-8698-ECFCBCDC6C36}.Debug|Any CPU.ActiveCfg = Debug|Any CPU
		{AB5D3AEA-A63A-49E2-8698-ECFCBCDC6C36}.Debug|Any CPU.Build.0 = Debug|Any CPU
		{AB5D3AEA-A63A-49E2-8698-ECFCBCDC6C36}.Release|Any CPU.ActiveCfg = Release|Any CPU
		{AB5D3AEA-A63A-49E2-8698-ECFCBCDC6C36}.Release|Any CPU.Build.0 = Release|Any CPU
	EndGlobalSection
	GlobalSection(SolutionProperties) = preSolution
		HideSolutionNode = FALSE
	EndGlobalSection
	GlobalSection(ExtensibilityGlobals) = postSolution
		SolutionGuid = {905B110A-3086-48D4-B0B1-B9C1695AF0F4}
	EndGlobalSection
EndGlobal
